// !$*UTF8*$!
{
	archiveVersion = 1;
	classes = {
	};
	objectVersion = 56;
	objects = {

/* Begin PBXBuildFile section */
		F70E87C02B9130E0000768FC /* AbsenceItem.swift in Sources */ = {isa = PBXBuildFile; fileRef = F70E87BF2B9130E0000768FC /* AbsenceItem.swift */; };
		F70E87C22B913498000768FC /* StudentAbsence.swift in Sources */ = {isa = PBXBuildFile; fileRef = F70E87C12B913498000768FC /* StudentAbsence.swift */; };
		F70E87C42B9136A3000768FC /* Absence.swift in Sources */ = {isa = PBXBuildFile; fileRef = F70E87C32B9136A3000768FC /* Absence.swift */; };
		F70E87C62B9139BA000768FC /* DivisionTests.swift in Sources */ = {isa = PBXBuildFile; fileRef = F70E87C52B9139BA000768FC /* DivisionTests.swift */; };
		F7285D7F2B87EE0C00311C36 /* AbsenceRecorderApp.swift in Sources */ = {isa = PBXBuildFile; fileRef = F7285D7E2B87EE0C00311C36 /* AbsenceRecorderApp.swift */; };
		F7285D812B87EE0C00311C36 /* DivisionsView.swift in Sources */ = {isa = PBXBuildFile; fileRef = F7285D802B87EE0C00311C36 /* DivisionsView.swift */; };
		F7285D832B87EE0E00311C36 /* Assets.xcassets in Resources */ = {isa = PBXBuildFile; fileRef = F7285D822B87EE0E00311C36 /* Assets.xcassets */; };
		F7285D862B87EE0E00311C36 /* Preview Assets.xcassets in Resources */ = {isa = PBXBuildFile; fileRef = F7285D852B87EE0E00311C36 /* Preview Assets.xcassets */; };
		F7285D902B87EE0E00311C36 /* AbsenceRecorderTests.swift in Sources */ = {isa = PBXBuildFile; fileRef = F7285D8F2B87EE0E00311C36 /* AbsenceRecorderTests.swift */; };
		F7285D9A2B87EE0E00311C36 /* AbsenceRecorderUITests.swift in Sources */ = {isa = PBXBuildFile; fileRef = F7285D992B87EE0E00311C36 /* AbsenceRecorderUITests.swift */; };
		F7285D9C2B87EE0E00311C36 /* AbsenceRecorderUITestsLaunchTests.swift in Sources */ = {isa = PBXBuildFile; fileRef = F7285D9B2B87EE0E00311C36 /* AbsenceRecorderUITestsLaunchTests.swift */; };
		F7285DAB2B87F26400311C36 /* Student.swift in Sources */ = {isa = PBXBuildFile; fileRef = F7285DAA2B87F26400311C36 /* Student.swift */; };
		F7285DAD2B87F2EA00311C36 /* Division.swift in Sources */ = {isa = PBXBuildFile; fileRef = F7285DAC2B87F2EA00311C36 /* Division.swift */; };
		F7285DB02B87F91D00311C36 /* Date.swift in Sources */ = {isa = PBXBuildFile; fileRef = F7285DAF2B87F91D00311C36 /* Date.swift */; };
		F7285DB22B87FD3800311C36 /* DivisionItem.swift in Sources */ = {isa = PBXBuildFile; fileRef = F7285DB12B87FD3800311C36 /* DivisionItem.swift */; };
		F7C9C6C72B8E7E780004728A /* AbsenceView.swift in Sources */ = {isa = PBXBuildFile; fileRef = F7C9C6C62B8E7E780004728A /* AbsenceView.swift */; };
		F7C9C6C92B8E7FB80004728A /* RootTabView.swift in Sources */ = {isa = PBXBuildFile; fileRef = F7C9C6C82B8E7FB80004728A /* RootTabView.swift */; };
		F7C9C6CB2B8E80840004728A /* StatisticsView.swift in Sources */ = {isa = PBXBuildFile; fileRef = F7C9C6CA2B8E80840004728A /* StatisticsView.swift */; };
		F7C9C6CD2B8E84C30004728A /* StateController.swift in Sources */ = {isa = PBXBuildFile; fileRef = F7C9C6CC2B8E84C30004728A /* StateController.swift */; };
/* End PBXBuildFile section */

/* Begin PBXContainerItemProxy section */
		F7285D8C2B87EE0E00311C36 /* PBXContainerItemProxy */ = {
			isa = PBXContainerItemProxy;
			containerPortal = F7285D732B87EE0C00311C36 /* Project object */;
			proxyType = 1;
			remoteGlobalIDString = F7285D7A2B87EE0C00311C36;
			remoteInfo = AbsenceRecorder;
		};
		F7285D962B87EE0E00311C36 /* PBXContainerItemProxy */ = {
			isa = PBXContainerItemProxy;
			containerPortal = F7285D732B87EE0C00311C36 /* Project object */;
			proxyType = 1;
			remoteGlobalIDString = F7285D7A2B87EE0C00311C36;
			remoteInfo = AbsenceRecorder;
		};
/* End PBXContainerItemProxy section */

/* Begin PBXFileReference section */
		F70E87BF2B9130E0000768FC /* AbsenceItem.swift */ = {isa = PBXFileReference; lastKnownFileType = sourcecode.swift; path = AbsenceItem.swift; sourceTree = "<group>"; };
		F70E87C12B913498000768FC /* StudentAbsence.swift */ = {isa = PBXFileReference; lastKnownFileType = sourcecode.swift; path = StudentAbsence.swift; sourceTree = "<group>"; };
		F70E87C32B9136A3000768FC /* Absence.swift */ = {isa = PBXFileReference; lastKnownFileType = sourcecode.swift; path = Absence.swift; sourceTree = "<group>"; };
		F70E87C52B9139BA000768FC /* DivisionTests.swift */ = {isa = PBXFileReference; lastKnownFileType = sourcecode.swift; path = DivisionTests.swift; sourceTree = "<group>"; };
		F7285D7B2B87EE0C00311C36 /* AbsenceRecorder.app */ = {isa = PBXFileReference; explicitFileType = wrapper.application; includeInIndex = 0; path = AbsenceRecorder.app; sourceTree = BUILT_PRODUCTS_DIR; };
		F7285D7E2B87EE0C00311C36 /* AbsenceRecorderApp.swift */ = {isa = PBXFileReference; lastKnownFileType = sourcecode.swift; path = AbsenceRecorderApp.swift; sourceTree = "<group>"; };
		F7285D802B87EE0C00311C36 /* DivisionsView.swift */ = {isa = PBXFileReference; lastKnownFileType = sourcecode.swift; path = DivisionsView.swift; sourceTree = "<group>"; };
		F7285D822B87EE0E00311C36 /* Assets.xcassets */ = {isa = PBXFileReference; lastKnownFileType = folder.assetcatalog; path = Assets.xcassets; sourceTree = "<group>"; };
		F7285D852B87EE0E00311C36 /* Preview Assets.xcassets */ = {isa = PBXFileReference; lastKnownFileType = folder.assetcatalog; path = "Preview Assets.xcassets"; sourceTree = "<group>"; };
		F7285D8B2B87EE0E00311C36 /* AbsenceRecorderTests.xctest */ = {isa = PBXFileReference; explicitFileType = wrapper.cfbundle; includeInIndex = 0; path = AbsenceRecorderTests.xctest; sourceTree = BUILT_PRODUCTS_DIR; };
		F7285D8F2B87EE0E00311C36 /* AbsenceRecorderTests.swift */ = {isa = PBXFileReference; lastKnownFileType = sourcecode.swift; path = AbsenceRecorderTests.swift; sourceTree = "<group>"; };
		F7285D952B87EE0E00311C36 /* AbsenceRecorderUITests.xctest */ = {isa = PBXFileReference; explicitFileType = wrapper.cfbundle; includeInIndex = 0; path = AbsenceRecorderUITests.xctest; sourceTree = BUILT_PRODUCTS_DIR; };
		F7285D992B87EE0E00311C36 /* AbsenceRecorderUITests.swift */ = {isa = PBXFileReference; lastKnownFileType = sourcecode.swift; path = AbsenceRecorderUITests.swift; sourceTree = "<group>"; };
		F7285D9B2B87EE0E00311C36 /* AbsenceRecorderUITestsLaunchTests.swift */ = {isa = PBXFileReference; lastKnownFileType = sourcecode.swift; path = AbsenceRecorderUITestsLaunchTests.swift; sourceTree = "<group>"; };
		F7285DAA2B87F26400311C36 /* Student.swift */ = {isa = PBXFileReference; lastKnownFileType = sourcecode.swift; path = Student.swift; sourceTree = "<group>"; };
		F7285DAC2B87F2EA00311C36 /* Division.swift */ = {isa = PBXFileReference; lastKnownFileType = sourcecode.swift; path = Division.swift; sourceTree = "<group>"; };
		F7285DAF2B87F91D00311C36 /* Date.swift */ = {isa = PBXFileReference; lastKnownFileType = sourcecode.swift; path = Date.swift; sourceTree = "<group>"; };
		F7285DB12B87FD3800311C36 /* DivisionItem.swift */ = {isa = PBXFileReference; lastKnownFileType = sourcecode.swift; path = DivisionItem.swift; sourceTree = "<group>"; };
		F7C9C6C62B8E7E780004728A /* AbsenceView.swift */ = {isa = PBXFileReference; lastKnownFileType = sourcecode.swift; path = AbsenceView.swift; sourceTree = "<group>"; };
		F7C9C6C82B8E7FB80004728A /* RootTabView.swift */ = {isa = PBXFileReference; lastKnownFileType = sourcecode.swift; path = RootTabView.swift; sourceTree = "<group>"; };
		F7C9C6CA2B8E80840004728A /* StatisticsView.swift */ = {isa = PBXFileReference; lastKnownFileType = sourcecode.swift; path = StatisticsView.swift; sourceTree = "<group>"; };
		F7C9C6CC2B8E84C30004728A /* StateController.swift */ = {isa = PBXFileReference; lastKnownFileType = sourcecode.swift; path = StateController.swift; sourceTree = "<group>"; };
/* End PBXFileReference section */

/* Begin PBXFrameworksBuildPhase section */
		F7285D782B87EE0C00311C36 /* Frameworks */ = {
			isa = PBXFrameworksBuildPhase;
			buildActionMask = 2147483647;
			files = (
			);
			runOnlyForDeploymentPostprocessing = 0;
		};
		F7285D882B87EE0E00311C36 /* Frameworks */ = {
			isa = PBXFrameworksBuildPhase;
			buildActionMask = 2147483647;
			files = (
			);
			runOnlyForDeploymentPostprocessing = 0;
		};
		F7285D922B87EE0E00311C36 /* Frameworks */ = {
			isa = PBXFrameworksBuildPhase;
			buildActionMask = 2147483647;
			files = (
			);
			runOnlyForDeploymentPostprocessing = 0;
		};
/* End PBXFrameworksBuildPhase section */

/* Begin PBXGroup section */
		F7285D722B87EE0C00311C36 = {
			isa = PBXGroup;
			children = (
				F7285D7D2B87EE0C00311C36 /* AbsenceRecorder */,
				F7285D8E2B87EE0E00311C36 /* AbsenceRecorderTests */,
				F7285D982B87EE0E00311C36 /* AbsenceRecorderUITests */,
				F7285D7C2B87EE0C00311C36 /* Products */,
			);
			sourceTree = "<group>";
		};
		F7285D7C2B87EE0C00311C36 /* Products */ = {
			isa = PBXGroup;
			children = (
				F7285D7B2B87EE0C00311C36 /* AbsenceRecorder.app */,
				F7285D8B2B87EE0E00311C36 /* AbsenceRecorderTests.xctest */,
				F7285D952B87EE0E00311C36 /* AbsenceRecorderUITests.xctest */,
			);
			name = Products;
			sourceTree = "<group>";
		};
		F7285D7D2B87EE0C00311C36 /* AbsenceRecorder */ = {
			isa = PBXGroup;
			children = (
				F7285DAE2B87F90800311C36 /* Extensions */,
				F7285DA92B87F21700311C36 /* View */,
				F7285DA82B87F20E00311C36 /* Model */,
				F7285D7E2B87EE0C00311C36 /* AbsenceRecorderApp.swift */,
				F7285D822B87EE0E00311C36 /* Assets.xcassets */,
				F7285D842B87EE0E00311C36 /* Preview Content */,
				F7C9C6CC2B8E84C30004728A /* StateController.swift */,
			);
			path = AbsenceRecorder;
			sourceTree = "<group>";
		};
		F7285D842B87EE0E00311C36 /* Preview Content */ = {
			isa = PBXGroup;
			children = (
				F7285D852B87EE0E00311C36 /* Preview Assets.xcassets */,
			);
			path = "Preview Content";
			sourceTree = "<group>";
		};
		F7285D8E2B87EE0E00311C36 /* AbsenceRecorderTests */ = {
			isa = PBXGroup;
			children = (
				F7285D8F2B87EE0E00311C36 /* AbsenceRecorderTests.swift */,
				F70E87C52B9139BA000768FC /* DivisionTests.swift */,
			);
			path = AbsenceRecorderTests;
			sourceTree = "<group>";
		};
		F7285D982B87EE0E00311C36 /* AbsenceRecorderUITests */ = {
			isa = PBXGroup;
			children = (
				F7285D992B87EE0E00311C36 /* AbsenceRecorderUITests.swift */,
				F7285D9B2B87EE0E00311C36 /* AbsenceRecorderUITestsLaunchTests.swift */,
			);
			path = AbsenceRecorderUITests;
			sourceTree = "<group>";
		};
		F7285DA82B87F20E00311C36 /* Model */ = {
			isa = PBXGroup;
			children = (
				F7285DAA2B87F26400311C36 /* Student.swift */,
				F7285DAC2B87F2EA00311C36 /* Division.swift */,
				F70E87C12B913498000768FC /* StudentAbsence.swift */,
				F70E87C32B9136A3000768FC /* Absence.swift */,
			);
			path = Model;
			sourceTree = "<group>";
		};
		F7285DA92B87F21700311C36 /* View */ = {
			isa = PBXGroup;
			children = (
				F7285D802B87EE0C00311C36 /* DivisionsView.swift */,
				F7285DB12B87FD3800311C36 /* DivisionItem.swift */,
				F7C9C6C62B8E7E780004728A /* AbsenceView.swift */,
				F70E87BF2B9130E0000768FC /* AbsenceItem.swift */,
				F7C9C6C82B8E7FB80004728A /* RootTabView.swift */,
				F7C9C6CA2B8E80840004728A /* StatisticsView.swift */,
			);
			path = View;
			sourceTree = "<group>";
		};
		F7285DAE2B87F90800311C36 /* Extensions */ = {
			isa = PBXGroup;
			children = (
				F7285DAF2B87F91D00311C36 /* Date.swift */,
			);
			path = Extensions;
			sourceTree = "<group>";
		};
/* End PBXGroup section */

/* Begin PBXNativeTarget section */
		F7285D7A2B87EE0C00311C36 /* AbsenceRecorder */ = {
			isa = PBXNativeTarget;
			buildConfigurationList = F7285D9F2B87EE0E00311C36 /* Build configuration list for PBXNativeTarget "AbsenceRecorder" */;
			buildPhases = (
				F7285D772B87EE0C00311C36 /* Sources */,
				F7285D782B87EE0C00311C36 /* Frameworks */,
				F7285D792B87EE0C00311C36 /* Resources */,
			);
			buildRules = (
			);
			dependencies = (
			);
			name = AbsenceRecorder;
			productName = AbsenceRecorder;
			productReference = F7285D7B2B87EE0C00311C36 /* AbsenceRecorder.app */;
			productType = "com.apple.product-type.application";
		};
		F7285D8A2B87EE0E00311C36 /* AbsenceRecorderTests */ = {
			isa = PBXNativeTarget;
			buildConfigurationList = F7285DA22B87EE0E00311C36 /* Build configuration list for PBXNativeTarget "AbsenceRecorderTests" */;
			buildPhases = (
				F7285D872B87EE0E00311C36 /* Sources */,
				F7285D882B87EE0E00311C36 /* Frameworks */,
				F7285D892B87EE0E00311C36 /* Resources */,
			);
			buildRules = (
			);
			dependencies = (
				F7285D8D2B87EE0E00311C36 /* PBXTargetDependency */,
			);
			name = AbsenceRecorderTests;
			productName = AbsenceRecorderTests;
			productReference = F7285D8B2B87EE0E00311C36 /* AbsenceRecorderTests.xctest */;
			productType = "com.apple.product-type.bundle.unit-test";
		};
		F7285D942B87EE0E00311C36 /* AbsenceRecorderUITests */ = {
			isa = PBXNativeTarget;
			buildConfigurationList = F7285DA52B87EE0E00311C36 /* Build configuration list for PBXNativeTarget "AbsenceRecorderUITests" */;
			buildPhases = (
				F7285D912B87EE0E00311C36 /* Sources */,
				F7285D922B87EE0E00311C36 /* Frameworks */,
				F7285D932B87EE0E00311C36 /* Resources */,
			);
			buildRules = (
			);
			dependencies = (
				F7285D972B87EE0E00311C36 /* PBXTargetDependency */,
			);
			name = AbsenceRecorderUITests;
			productName = AbsenceRecorderUITests;
			productReference = F7285D952B87EE0E00311C36 /* AbsenceRecorderUITests.xctest */;
			productType = "com.apple.product-type.bundle.ui-testing";
		};
/* End PBXNativeTarget section */

/* Begin PBXProject section */
		F7285D732B87EE0C00311C36 /* Project object */ = {
			isa = PBXProject;
			attributes = {
				BuildIndependentTargetsInParallel = 1;
				LastSwiftUpdateCheck = 1520;
				LastUpgradeCheck = 1520;
				TargetAttributes = {
					F7285D7A2B87EE0C00311C36 = {
						CreatedOnToolsVersion = 15.2;
					};
					F7285D8A2B87EE0E00311C36 = {
						CreatedOnToolsVersion = 15.2;
						TestTargetID = F7285D7A2B87EE0C00311C36;
					};
					F7285D942B87EE0E00311C36 = {
						CreatedOnToolsVersion = 15.2;
						TestTargetID = F7285D7A2B87EE0C00311C36;
					};
				};
			};
			buildConfigurationList = F7285D762B87EE0C00311C36 /* Build configuration list for PBXProject "AbsenceRecorder" */;
			compatibilityVersion = "Xcode 14.0";
			developmentRegion = en;
			hasScannedForEncodings = 0;
			knownRegions = (
				en,
				Base,
			);
			mainGroup = F7285D722B87EE0C00311C36;
			productRefGroup = F7285D7C2B87EE0C00311C36 /* Products */;
			projectDirPath = "";
			projectRoot = "";
			targets = (
				F7285D7A2B87EE0C00311C36 /* AbsenceRecorder */,
				F7285D8A2B87EE0E00311C36 /* AbsenceRecorderTests */,
				F7285D942B87EE0E00311C36 /* AbsenceRecorderUITests */,
			);
		};
/* End PBXProject section */

/* Begin PBXResourcesBuildPhase section */
		F7285D792B87EE0C00311C36 /* Resources */ = {
			isa = PBXResourcesBuildPhase;
			buildActionMask = 2147483647;
			files = (
				F7285D862B87EE0E00311C36 /* Preview Assets.xcassets in Resources */,
				F7285D832B87EE0E00311C36 /* Assets.xcassets in Resources */,
			);
			runOnlyForDeploymentPostprocessing = 0;
		};
		F7285D892B87EE0E00311C36 /* Resources */ = {
			isa = PBXResourcesBuildPhase;
			buildActionMask = 2147483647;
			files = (
			);
			runOnlyForDeploymentPostprocessing = 0;
		};
		F7285D932B87EE0E00311C36 /* Resources */ = {
			isa = PBXResourcesBuildPhase;
			buildActionMask = 2147483647;
			files = (
			);
			runOnlyForDeploymentPostprocessing = 0;
		};
/* End PBXResourcesBuildPhase section */

/* Begin PBXSourcesBuildPhase section */
		F7285D772B87EE0C00311C36 /* Sources */ = {
			isa = PBXSourcesBuildPhase;
			buildActionMask = 2147483647;
			files = (
				F7285D812B87EE0C00311C36 /* DivisionsView.swift in Sources */,
				F7285DB02B87F91D00311C36 /* Date.swift in Sources */,
				F7C9C6C92B8E7FB80004728A /* RootTabView.swift in Sources */,
				F70E87C22B913498000768FC /* StudentAbsence.swift in Sources */,
				F7285DAB2B87F26400311C36 /* Student.swift in Sources */,
				F70E87C02B9130E0000768FC /* AbsenceItem.swift in Sources */,
				F7C9C6CB2B8E80840004728A /* StatisticsView.swift in Sources */,
				F7285DAD2B87F2EA00311C36 /* Division.swift in Sources */,
				F7285D7F2B87EE0C00311C36 /* AbsenceRecorderApp.swift in Sources */,
				F7285DB22B87FD3800311C36 /* DivisionItem.swift in Sources */,
				F7C9C6C72B8E7E780004728A /* AbsenceView.swift in Sources */,
				F70E87C42B9136A3000768FC /* Absence.swift in Sources */,
				F7C9C6CD2B8E84C30004728A /* StateController.swift in Sources */,
			);
			runOnlyForDeploymentPostprocessing = 0;
		};
		F7285D872B87EE0E00311C36 /* Sources */ = {
			isa = PBXSourcesBuildPhase;
			buildActionMask = 2147483647;
			files = (
				F70E87C62B9139BA000768FC /* DivisionTests.swift in Sources */,
				F7285D902B87EE0E00311C36 /* AbsenceRecorderTests.swift in Sources */,
			);
			runOnlyForDeploymentPostprocessing = 0;
		};
		F7285D912B87EE0E00311C36 /* Sources */ = {
			isa = PBXSourcesBuildPhase;
			buildActionMask = 2147483647;
			files = (
				F7285D9C2B87EE0E00311C36 /* AbsenceRecorderUITestsLaunchTests.swift in Sources */,
				F7285D9A2B87EE0E00311C36 /* AbsenceRecorderUITests.swift in Sources */,
			);
			runOnlyForDeploymentPostprocessing = 0;
		};
/* End PBXSourcesBuildPhase section */

/* Begin PBXTargetDependency section */
		F7285D8D2B87EE0E00311C36 /* PBXTargetDependency */ = {
			isa = PBXTargetDependency;
			target = F7285D7A2B87EE0C00311C36 /* AbsenceRecorder */;
			targetProxy = F7285D8C2B87EE0E00311C36 /* PBXContainerItemProxy */;
		};
		F7285D972B87EE0E00311C36 /* PBXTargetDependency */ = {
			isa = PBXTargetDependency;
			target = F7285D7A2B87EE0C00311C36 /* AbsenceRecorder */;
			targetProxy = F7285D962B87EE0E00311C36 /* PBXContainerItemProxy */;
		};
/* End PBXTargetDependency section */

/* Begin XCBuildConfiguration section */
		F7285D9D2B87EE0E00311C36 /* Debug */ = {
			isa = XCBuildConfiguration;
			buildSettings = {
				ALWAYS_SEARCH_USER_PATHS = NO;
				ASSETCATALOG_COMPILER_GENERATE_SWIFT_ASSET_SYMBOL_EXTENSIONS = YES;
				CLANG_ANALYZER_NONNULL = YES;
				CLANG_ANALYZER_NUMBER_OBJECT_CONVERSION = YES_AGGRESSIVE;
				CLANG_CXX_LANGUAGE_STANDARD = "gnu++20";
				CLANG_ENABLE_MODULES = YES;
				CLANG_ENABLE_OBJC_ARC = YES;
				CLANG_ENABLE_OBJC_WEAK = YES;
				CLANG_WARN_BLOCK_CAPTURE_AUTORELEASING = YES;
				CLANG_WARN_BOOL_CONVERSION = YES;
				CLANG_WARN_COMMA = YES;
				CLANG_WARN_CONSTANT_CONVERSION = YES;
				CLANG_WARN_DEPRECATED_OBJC_IMPLEMENTATIONS = YES;
				CLANG_WARN_DIRECT_OBJC_ISA_USAGE = YES_ERROR;
				CLANG_WARN_DOCUMENTATION_COMMENTS = YES;
				CLANG_WARN_EMPTY_BODY = YES;
				CLANG_WARN_ENUM_CONVERSION = YES;
				CLANG_WARN_INFINITE_RECURSION = YES;
				CLANG_WARN_INT_CONVERSION = YES;
				CLANG_WARN_NON_LITERAL_NULL_CONVERSION = YES;
				CLANG_WARN_OBJC_IMPLICIT_RETAIN_SELF = YES;
				CLANG_WARN_OBJC_LITERAL_CONVERSION = YES;
				CLANG_WARN_OBJC_ROOT_CLASS = YES_ERROR;
				CLANG_WARN_QUOTED_INCLUDE_IN_FRAMEWORK_HEADER = YES;
				CLANG_WARN_RANGE_LOOP_ANALYSIS = YES;
				CLANG_WARN_STRICT_PROTOTYPES = YES;
				CLANG_WARN_SUSPICIOUS_MOVE = YES;
				CLANG_WARN_UNGUARDED_AVAILABILITY = YES_AGGRESSIVE;
				CLANG_WARN_UNREACHABLE_CODE = YES;
				CLANG_WARN__DUPLICATE_METHOD_MATCH = YES;
				COPY_PHASE_STRIP = NO;
				DEBUG_INFORMATION_FORMAT = dwarf;
				ENABLE_STRICT_OBJC_MSGSEND = YES;
				ENABLE_TESTABILITY = YES;
				ENABLE_USER_SCRIPT_SANDBOXING = YES;
				GCC_C_LANGUAGE_STANDARD = gnu17;
				GCC_DYNAMIC_NO_PIC = NO;
				GCC_NO_COMMON_BLOCKS = YES;
				GCC_OPTIMIZATION_LEVEL = 0;
				GCC_PREPROCESSOR_DEFINITIONS = (
					"DEBUG=1",
					"$(inherited)",
				);
				GCC_WARN_64_TO_32_BIT_CONVERSION = YES;
				GCC_WARN_ABOUT_RETURN_TYPE = YES_ERROR;
				GCC_WARN_UNDECLARED_SELECTOR = YES;
				GCC_WARN_UNINITIALIZED_AUTOS = YES_AGGRESSIVE;
				GCC_WARN_UNUSED_FUNCTION = YES;
				GCC_WARN_UNUSED_VARIABLE = YES;
				IPHONEOS_DEPLOYMENT_TARGET = 17.2;
				LOCALIZATION_PREFERS_STRING_CATALOGS = YES;
				MTL_ENABLE_DEBUG_INFO = INCLUDE_SOURCE;
				MTL_FAST_MATH = YES;
				ONLY_ACTIVE_ARCH = YES;
				SDKROOT = iphoneos;
				SWIFT_ACTIVE_COMPILATION_CONDITIONS = "DEBUG $(inherited)";
				SWIFT_OPTIMIZATION_LEVEL = "-Onone";
			};
			name = Debug;
		};
		F7285D9E2B87EE0E00311C36 /* Release */ = {
			isa = XCBuildConfiguration;
			buildSettings = {
				ALWAYS_SEARCH_USER_PATHS = NO;
				ASSETCATALOG_COMPILER_GENERATE_SWIFT_ASSET_SYMBOL_EXTENSIONS = YES;
				CLANG_ANALYZER_NONNULL = YES;
				CLANG_ANALYZER_NUMBER_OBJECT_CONVERSION = YES_AGGRESSIVE;
				CLANG_CXX_LANGUAGE_STANDARD = "gnu++20";
				CLANG_ENABLE_MODULES = YES;
				CLANG_ENABLE_OBJC_ARC = YES;
				CLANG_ENABLE_OBJC_WEAK = YES;
				CLANG_WARN_BLOCK_CAPTURE_AUTORELEASING = YES;
				CLANG_WARN_BOOL_CONVERSION = YES;
				CLANG_WARN_COMMA = YES;
				CLANG_WARN_CONSTANT_CONVERSION = YES;
				CLANG_WARN_DEPRECATED_OBJC_IMPLEMENTATIONS = YES;
				CLANG_WARN_DIRECT_OBJC_ISA_USAGE = YES_ERROR;
				CLANG_WARN_DOCUMENTATION_COMMENTS = YES;
				CLANG_WARN_EMPTY_BODY = YES;
				CLANG_WARN_ENUM_CONVERSION = YES;
				CLANG_WARN_INFINITE_RECURSION = YES;
				CLANG_WARN_INT_CONVERSION = YES;
				CLANG_WARN_NON_LITERAL_NULL_CONVERSION = YES;
				CLANG_WARN_OBJC_IMPLICIT_RETAIN_SELF = YES;
				CLANG_WARN_OBJC_LITERAL_CONVERSION = YES;
				CLANG_WARN_OBJC_ROOT_CLASS = YES_ERROR;
				CLANG_WARN_QUOTED_INCLUDE_IN_FRAMEWORK_HEADER = YES;
				CLANG_WARN_RANGE_LOOP_ANALYSIS = YES;
				CLANG_WARN_STRICT_PROTOTYPES = YES;
				CLANG_WARN_SUSPICIOUS_MOVE = YES;
				CLANG_WARN_UNGUARDED_AVAILABILITY = YES_AGGRESSIVE;
				CLANG_WARN_UNREACHABLE_CODE = YES;
				CLANG_WARN__DUPLICATE_METHOD_MATCH = YES;
				COPY_PHASE_STRIP = NO;
				DEBUG_INFORMATION_FORMAT = "dwarf-with-dsym";
				ENABLE_NS_ASSERTIONS = NO;
				ENABLE_STRICT_OBJC_MSGSEND = YES;
				ENABLE_USER_SCRIPT_SANDBOXING = YES;
				GCC_C_LANGUAGE_STANDARD = gnu17;
				GCC_NO_COMMON_BLOCKS = YES;
				GCC_WARN_64_TO_32_BIT_CONVERSION = YES;
				GCC_WARN_ABOUT_RETURN_TYPE = YES_ERROR;
				GCC_WARN_UNDECLARED_SELECTOR = YES;
				GCC_WARN_UNINITIALIZED_AUTOS = YES_AGGRESSIVE;
				GCC_WARN_UNUSED_FUNCTION = YES;
				GCC_WARN_UNUSED_VARIABLE = YES;
				IPHONEOS_DEPLOYMENT_TARGET = 17.2;
				LOCALIZATION_PREFERS_STRING_CATALOGS = YES;
				MTL_ENABLE_DEBUG_INFO = NO;
				MTL_FAST_MATH = YES;
				SDKROOT = iphoneos;
				SWIFT_COMPILATION_MODE = wholemodule;
				VALIDATE_PRODUCT = YES;
			};
			name = Release;
		};
		F7285DA02B87EE0E00311C36 /* Debug */ = {
			isa = XCBuildConfiguration;
			buildSettings = {
				ASSETCATALOG_COMPILER_APPICON_NAME = AppIcon;
				ASSETCATALOG_COMPILER_GLOBAL_ACCENT_COLOR_NAME = AccentColor;
				CODE_SIGN_STYLE = Automatic;
				CURRENT_PROJECT_VERSION = 1;
				DEVELOPMENT_ASSET_PATHS = "\"AbsenceRecorder/Preview Content\"";
				ENABLE_PREVIEWS = YES;
				GENERATE_INFOPLIST_FILE = YES;
				INFOPLIST_KEY_UIApplicationSceneManifest_Generation = YES;
				INFOPLIST_KEY_UIApplicationSupportsIndirectInputEvents = YES;
				INFOPLIST_KEY_UILaunchScreen_Generation = YES;
				INFOPLIST_KEY_UISupportedInterfaceOrientations_iPad = "UIInterfaceOrientationPortrait UIInterfaceOrientationPortraitUpsideDown UIInterfaceOrientationLandscapeLeft UIInterfaceOrientationLandscapeRight";
				INFOPLIST_KEY_UISupportedInterfaceOrientations_iPhone = "UIInterfaceOrientationPortrait UIInterfaceOrientationLandscapeLeft UIInterfaceOrientationLandscapeRight";
				LD_RUNPATH_SEARCH_PATHS = (
					"$(inherited)",
					"@executable_path/Frameworks",
				);
				MARKETING_VERSION = 1.0;
				PRODUCT_BUNDLE_IDENTIFIER = com.osmith.AbsenceRecorder;
				PRODUCT_NAME = "$(TARGET_NAME)";
				SWIFT_EMIT_LOC_STRINGS = YES;
				SWIFT_VERSION = 5.0;
				TARGETED_DEVICE_FAMILY = "1,2";
			};
			name = Debug;
		};
		F7285DA12B87EE0E00311C36 /* Release */ = {
			isa = XCBuildConfiguration;
			buildSettings = {
				ASSETCATALOG_COMPILER_APPICON_NAME = AppIcon;
				ASSETCATALOG_COMPILER_GLOBAL_ACCENT_COLOR_NAME = AccentColor;
				CODE_SIGN_STYLE = Automatic;
				CURRENT_PROJECT_VERSION = 1;
				DEVELOPMENT_ASSET_PATHS = "\"AbsenceRecorder/Preview Content\"";
				ENABLE_PREVIEWS = YES;
				GENERATE_INFOPLIST_FILE = YES;
				INFOPLIST_KEY_UIApplicationSceneManifest_Generation = YES;
				INFOPLIST_KEY_UIApplicationSupportsIndirectInputEvents = YES;
				INFOPLIST_KEY_UILaunchScreen_Generation = YES;
				INFOPLIST_KEY_UISupportedInterfaceOrientations_iPad = "UIInterfaceOrientationPortrait UIInterfaceOrientationPortraitUpsideDown UIInterfaceOrientationLandscapeLeft UIInterfaceOrientationLandscapeRight";
				INFOPLIST_KEY_UISupportedInterfaceOrientations_iPhone = "UIInterfaceOrientationPortrait UIInterfaceOrientationLandscapeLeft UIInterfaceOrientationLandscapeRight";
				LD_RUNPATH_SEARCH_PATHS = (
					"$(inherited)",
					"@executable_path/Frameworks",
				);
				MARKETING_VERSION = 1.0;
				PRODUCT_BUNDLE_IDENTIFIER = com.osmith.AbsenceRecorder;
				PRODUCT_NAME = "$(TARGET_NAME)";
				SWIFT_EMIT_LOC_STRINGS = YES;
				SWIFT_VERSION = 5.0;
				TARGETED_DEVICE_FAMILY = "1,2";
			};
			name = Release;
		};
		F7285DA32B87EE0E00311C36 /* Debug */ = {
			isa = XCBuildConfiguration;
			buildSettings = {
				ALWAYS_EMBED_SWIFT_STANDARD_LIBRARIES = YES;
				BUNDLE_LOADER = "$(TEST_HOST)";
				CODE_SIGN_STYLE = Automatic;
				CURRENT_PROJECT_VERSION = 1;
				GENERATE_INFOPLIST_FILE = YES;
				IPHONEOS_DEPLOYMENT_TARGET = 17.2;
				MARKETING_VERSION = 1.0;
				PRODUCT_BUNDLE_IDENTIFIER = com.osmith.AbsenceRecorderTests;
				PRODUCT_NAME = "$(TARGET_NAME)";
				SWIFT_EMIT_LOC_STRINGS = NO;
				SWIFT_VERSION = 5.0;
				TARGETED_DEVICE_FAMILY = "1,2";
				TEST_HOST = "$(BUILT_PRODUCTS_DIR)/AbsenceRecorder.app/$(BUNDLE_EXECUTABLE_FOLDER_PATH)/AbsenceRecorder";
			};
			name = Debug;
		};
		F7285DA42B87EE0E00311C36 /* Release */ = {
			isa = XCBuildConfiguration;
			buildSettings = {
				ALWAYS_EMBED_SWIFT_STANDARD_LIBRARIES = YES;
				BUNDLE_LOADER = "$(TEST_HOST)";
				CODE_SIGN_STYLE = Automatic;
				CURRENT_PROJECT_VERSION = 1;
				GENERATE_INFOPLIST_FILE = YES;
				IPHONEOS_DEPLOYMENT_TARGET = 17.2;
				MARKETING_VERSION = 1.0;
				PRODUCT_BUNDLE_IDENTIFIER = com.osmith.AbsenceRecorderTests;
				PRODUCT_NAME = "$(TARGET_NAME)";
				SWIFT_EMIT_LOC_STRINGS = NO;
				SWIFT_VERSION = 5.0;
				TARGETED_DEVICE_FAMILY = "1,2";
				TEST_HOST = "$(BUILT_PRODUCTS_DIR)/AbsenceRecorder.app/$(BUNDLE_EXECUTABLE_FOLDER_PATH)/AbsenceRecorder";
			};
			name = Release;
		};
		F7285DA62B87EE0E00311C36 /* Debug */ = {
			isa = XCBuildConfiguration;
			buildSettings = {
				ALWAYS_EMBED_SWIFT_STANDARD_LIBRARIES = YES;
				CODE_SIGN_STYLE = Automatic;
				CURRENT_PROJECT_VERSION = 1;
				GENERATE_INFOPLIST_FILE = YES;
				MARKETING_VERSION = 1.0;
				PRODUCT_BUNDLE_IDENTIFIER = com.osmith.AbsenceRecorderUITests;
				PRODUCT_NAME = "$(TARGET_NAME)";
				SWIFT_EMIT_LOC_STRINGS = NO;
				SWIFT_VERSION = 5.0;
				TARGETED_DEVICE_FAMILY = "1,2";
				TEST_TARGET_NAME = AbsenceRecorder;
			};
			name = Debug;
		};
		F7285DA72B87EE0E00311C36 /* Release */ = {
			isa = XCBuildConfiguration;
			buildSettings = {
				ALWAYS_EMBED_SWIFT_STANDARD_LIBRARIES = YES;
				CODE_SIGN_STYLE = Automatic;
				CURRENT_PROJECT_VERSION = 1;
				GENERATE_INFOPLIST_FILE = YES;
				MARKETING_VERSION = 1.0;
				PRODUCT_BUNDLE_IDENTIFIER = com.osmith.AbsenceRecorderUITests;
				PRODUCT_NAME = "$(TARGET_NAME)";
				SWIFT_EMIT_LOC_STRINGS = NO;
				SWIFT_VERSION = 5.0;
				TARGETED_DEVICE_FAMILY = "1,2";
				TEST_TARGET_NAME = AbsenceRecorder;
			};
			name = Release;
		};
/* End XCBuildConfiguration section */

/* Begin XCConfigurationList section */
		F7285D762B87EE0C00311C36 /* Build configuration list for PBXProject "AbsenceRecorder" */ = {
			isa = XCConfigurationList;
			buildConfigurations = (
				F7285D9D2B87EE0E00311C36 /* Debug */,
				F7285D9E2B87EE0E00311C36 /* Release */,
			);
			defaultConfigurationIsVisible = 0;
			defaultConfigurationName = Release;
		};
		F7285D9F2B87EE0E00311C36 /* Build configuration list for PBXNativeTarget "AbsenceRecorder" */ = {
			isa = XCConfigurationList;
			buildConfigurations = (
				F7285DA02B87EE0E00311C36 /* Debug */,
				F7285DA12B87EE0E00311C36 /* Release */,
			);
			defaultConfigurationIsVisible = 0;
			defaultConfigurationName = Release;
		};
		F7285DA22B87EE0E00311C36 /* Build configuration list for PBXNativeTarget "AbsenceRecorderTests" */ = {
			isa = XCConfigurationList;
			buildConfigurations = (
				F7285DA32B87EE0E00311C36 /* Debug */,
				F7285DA42B87EE0E00311C36 /* Release */,
			);
			defaultConfigurationIsVisible = 0;
			defaultConfigurationName = Release;
		};
		F7285DA52B87EE0E00311C36 /* Build configuration list for PBXNativeTarget "AbsenceRecorderUITests" */ = {
			isa = XCConfigurationList;
			buildConfigurations = (
				F7285DA62B87EE0E00311C36 /* Debug */,
				F7285DA72B87EE0E00311C36 /* Release */,
			);
			defaultConfigurationIsVisible = 0;
			defaultConfigurationName = Release;
		};
/* End XCConfigurationList section */
	};
	rootObject = F7285D732B87EE0C00311C36 /* Project object */;
}
